
Microsoft Visual Studio Solution File, Format Version 12.00
# Visual Studio Version 16
VisualStudioVersion = 16.0.29613.14
MinimumVisualStudioVersion = 10.0.40219.1
Project("{FAE04EC0-301F-11D3-BF4B-00C04F79EFBC}") = "Cgame", "open\Cgame.csproj", "{B1FF8085-E86F-49AB-A582-5FCC510AF99B}"
EndProject
Global
	GlobalSection(SolutionConfigurationPlatforms) = preSolution
		Debug|Any CPU = Debug|Any CPU
		Release|Any CPU = Release|Any CPU
	EndGlobalSection
	GlobalSection(ProjectConfigurationPlatforms) = postSolution
		{B1FF8085-E86F-49AB-A582-5FCC510AF99B}.Debug|Any CPU.ActiveCfg = Debug|Any CPU
		{B1FF8085-E86F-49AB-A582-5FCC510AF99B}.Debug|Any CPU.Build.0 = Debug|Any CPU
		{B1FF8085-E86F-49AB-A582-5FCC510AF99B}.Release|Any CPU.ActiveCfg = Release|Any CPU
		{B1FF8085-E86F-49AB-A582-5FCC510AF99B}.Release|Any CPU.Build.0 = Release|Any CPU
	EndGlobalSection
	GlobalSection(SolutionProperties) = preSolution
		HideSolutionNode = FALSE
	EndGlobalSection
	GlobalSection(ExtensibilityGlobals) = postSolution
		SolutionGuid = {DEFCD1A5-07D8-40F7-9238-A37FDBDE727C}
	EndGlobalSection
EndGlobal
